
Microsoft Visual Studio Solution File, Format Version 12.00
# Visual Studio Version 17
VisualStudioVersion = 17.10.35027.167
MinimumVisualStudioVersion = 10.0.40219.1
Project("{FAE04EC0-301F-11D3-BF4B-00C04F79EFBC}") = "Bamboo-card-currency-convertor", "Bamboo-card-currency-convertor\Bamboo-card-currency-convertor.csproj", "{DD40D604-9A60-4980-ACF4-A3BEED39D111}"
EndProject
Global
	GlobalSection(SolutionConfigurationPlatforms) = preSolution
		Debug|Any CPU = Debug|Any CPU
		Release|Any CPU = Release|Any CPU
	EndGlobalSection
	GlobalSection(ProjectConfigurationPlatforms) = postSolution
		{DD40D604-9A60-4980-ACF4-A3BEED39D111}.Debug|Any CPU.ActiveCfg = Debug|Any CPU
		{DD40D604-9A60-4980-ACF4-A3BEED39D111}.Debug|Any CPU.Build.0 = Debug|Any CPU
		{DD40D604-9A60-4980-ACF4-A3BEED39D111}.Release|Any CPU.ActiveCfg = Release|Any CPU
		{DD40D604-9A60-4980-ACF4-A3BEED39D111}.Release|Any CPU.Build.0 = Release|Any CPU
	EndGlobalSection
	GlobalSection(SolutionProperties) = preSolution
		HideSolutionNode = FALSE
	EndGlobalSection
	GlobalSection(ExtensibilityGlobals) = postSolution
		SolutionGuid = {34C879D2-0775-4169-99F1-1F26759C8BD4}
	EndGlobalSection
EndGlobal
